
Microsoft Visual Studio Solution File, Format Version 12.00
# Visual Studio Version 16
VisualStudioVersion = 16.0.31005.135
MinimumVisualStudioVersion = 10.0.40219.1
Project("{FAE04EC0-301F-11D3-BF4B-00C04F79EFBC}") = "AlgoritmsLesson2Task1", "AlgoritmsLesson2Task1\AlgoritmsLesson2Task1.csproj", "{093C2000-8D3C-4459-8E9E-26C602EC4FD4}"
EndProject
Global
	GlobalSection(SolutionConfigurationPlatforms) = preSolution
		Debug|Any CPU = Debug|Any CPU
		Release|Any CPU = Release|Any CPU
	EndGlobalSection
	GlobalSection(ProjectConfigurationPlatforms) = postSolution
		{093C2000-8D3C-4459-8E9E-26C602EC4FD4}.Debug|Any CPU.ActiveCfg = Debug|Any CPU
		{093C2000-8D3C-4459-8E9E-26C602EC4FD4}.Debug|Any CPU.Build.0 = Debug|Any CPU
		{093C2000-8D3C-4459-8E9E-26C602EC4FD4}.Release|Any CPU.ActiveCfg = Release|Any CPU
		{093C2000-8D3C-4459-8E9E-26C602EC4FD4}.Release|Any CPU.Build.0 = Release|Any CPU
	EndGlobalSection
	GlobalSection(SolutionProperties) = preSolution
		HideSolutionNode = FALSE
	EndGlobalSection
	GlobalSection(ExtensibilityGlobals) = postSolution
		SolutionGuid = {DD67DC38-3B10-4559-89EB-F8C6A446F1DA}
	EndGlobalSection
EndGlobal
